{
  "version": 4,
  "terraform_version": "1.9.2",
  "serial": 7,
  "lineage": "1c5f07f5-800e-5e05-0dfa-f14fd37cc0ed",
  "outputs": {},
  "resources": [
    {
      "mode": "managed",
      "type": "local_file",
      "name": "self-created-file",
      "provider": "provider[\"registry.terraform.io/hashicorp/local\"]",
      "instances": [
        {
          "schema_version": 0,
          "attributes": {
            "content": "We are creating a file automatically",
            "content_base64": null,
            "content_base64sha256": "AEGkvQQj4ndTZ9/PF+9coI49WyRaWh1TVkBAIL+7fKE=",
            "content_base64sha512": "dNW+bx181AqwixGjsY0ERxKPh8zvaEAwrDTDG6CEKb3/l+i8b2/SyzgSMKp8rnxHxstlFPkE1FcNTR0AZTE5nQ==",
            "content_md5": "bc9ba2b2f2f3f8c949e4cede4a22790f",
            "content_sha1": "b273d075495f5ad1199e4a3e569edaf7a23a1c3c",
            "content_sha256": "0041a4bd0423e2775367dfcf17ef5ca08e3d5b245a5a1d5356404020bfbb7ca1",
            "content_sha512": "74d5be6f1d7cd40ab08b11a3b18d0447128f87ccef684030ac34c31ba08429bdff97e8bc6f6fd2cb381230aa7cae7c47c6cb6514f904d4570d4d1d006531399d",
            "directory_permission": "0777",
            "file_permission": "0777",
            "filename": "\\C:\\Users\\ShraddhaSuryawanshi\\OneDrive - NTT Data Payment Services Limited\\Shraddha Suryawanshi\\MY_NOTES\\Self\\Terraform\\Basic\\Files\\self-created-file",
            "id": "b273d075495f5ad1199e4a3e569edaf7a23a1c3c",
            "sensitive_content": null,
            "source": null
          },
          "sensitive_attributes": [
            [
              {
                "type": "get_attr",
                "value": "sensitive_content"
              }
            ]
          ]
        }
      ]
    }
  ],
  "check_results": null
}
