{
  "version": 4,
  "terraform_version": "1.9.2",
  "serial": 1,
  "lineage": "7a41c9e6-17f2-8f31-919d-f5576bb16399",
  "outputs": {},
  "resources": [
    {
      "mode": "managed",
      "type": "local_file",
      "name": "devops",
      "provider": "provider[\"registry.terraform.io/hashicorp/local\"]",
      "instances": [
        {
          "schema_version": 0,
          "attributes": {
            "content": "My content is certaed in  1",
            "content_base64": null,
            "content_base64sha256": "Bdsj8CEzZnk1m4Td9O8EJlADQDVf2n8dq+Nw3Z8q5/4=",
            "content_base64sha512": "iOeGuAB2lbjn+Qom3iHsfTVlLAa9CFiQV3uALYuVik14Ykh83cC6jBo+VSLyi9OKvqeaFeRMCImcYMCh4c5L3A==",
            "content_md5": "ec011c7e7d33961c6ec943fe7aeada14",
            "content_sha1": "d7f53a06e87d72d13df5463528a64db3a0e5928f",
            "content_sha256": "05db23f021336679359b84ddf4ef0426500340355fda7f1dabe370dd9f2ae7fe",
            "content_sha512": "88e786b8007695b8e7f90a26de21ec7d35652c06bd085890577b802d8b958a4d7862487cddc0ba8c1a3e5522f28bd38abea79a15e44c08899c60c0a1e1ce4bdc",
            "directory_permission": "0777",
            "file_permission": "0777",
            "filename": "C:\\Users\\ShraddhaSuryawanshi\\OneDrive - NTT Data Payment Services Limited\\Shraddha Suryawanshi\\MY_NOTES\\Self\\Terraform\\Basic\\Files\\file_1.txt",
            "id": "d7f53a06e87d72d13df5463528a64db3a0e5928f",
            "sensitive_content": null,
            "source": null
          },
          "sensitive_attributes": [
            [
              {
                "type": "get_attr",
                "value": "sensitive_content"
              }
            ]
          ]
        }
      ]
    }
  ],
  "check_results": null
}
