{
  "version": 4,
  "terraform_version": "1.9.2",
  "serial": 1,
  "lineage": "64751407-f92c-d370-da8a-33237c6bbc2b",
  "outputs": {},
  "resources": [
    {
      "mode": "data",
      "type": "template_file",
      "name": "example",
      "provider": "provider[\"registry.terraform.io/hashicorp/template\"]",
      "instances": [
        {
          "schema_version": 0,
          "attributes": {
            "filename": null,
            "id": "1ad4ab4cd01e0f8cf3349879d6d08310bd9701e26d0f8f1ad0a016582d9c5160",
            "rendered": "This is a template file.\nI created\nlets learn\n\nVariable 1: Value1\nVariable 2: Value2",
            "template": "This is a template file.\nI created\nlets learn\n\nVariable 1: ${var1}\nVariable 2: ${var2}",
            "vars": {
              "var1": "Value1",
              "var2": "Value2"
            }
          },
          "sensitive_attributes": []
        }
      ]
    },
    {
      "mode": "managed",
      "type": "local_file",
      "name": "template_config",
      "provider": "provider[\"registry.terraform.io/hashicorp/local\"]",
      "instances": [
        {
          "schema_version": 0,
          "attributes": {
            "content": "This is a template file.\nI created\nlets learn\n\nVariable 1: Value1\nVariable 2: Value2",
            "content_base64": null,
            "content_base64sha256": "GtSrTNAeD4zzNJh51tCDEL2XAeJtD48a0KAWWC2cUWA=",
            "content_base64sha512": "wHx0LiMXrmLlOjj1HMxGg7hDD9cmZP5H2ZBOM0oJp0enAYkACrvBzgiMFUs1U7CqcHFMpCdPd+jT8gCQJMaesw==",
            "content_md5": "e50cb235d87aca36718738264bfbc71a",
            "content_sha1": "ae93c098d9964a6fd1dbd14fc6ab919e25e0b27c",
            "content_sha256": "1ad4ab4cd01e0f8cf3349879d6d08310bd9701e26d0f8f1ad0a016582d9c5160",
            "content_sha512": "c07c742e2317ae62e53a38f51ccc4683b8430fd72664fe47d9904e334a09a747a70189000abbc1ce088c154b3553b0aa70714ca4274f77e8d3f2009024c69eb3",
            "directory_permission": "0777",
            "file_permission": "0777",
            "filename": "template_config.txt",
            "id": "ae93c098d9964a6fd1dbd14fc6ab919e25e0b27c",
            "sensitive_content": null,
            "source": null
          },
          "sensitive_attributes": [
            [
              {
                "type": "get_attr",
                "value": "sensitive_content"
              }
            ]
          ],
          "dependencies": [
            "data.template_file.example"
          ]
        }
      ]
    }
  ],
  "check_results": null
}
