{
  "version": 4,
  "terraform_version": "1.9.2",
  "serial": 1,
  "lineage": "abc5b9c2-8a08-4945-588a-67848300db8a",
  "outputs": {},
  "resources": [
    {
      "mode": "managed",
      "type": "local_file",
      "name": "name_sample",
      "provider": "provider[\"registry.terraform.io/hashicorp/local\"]",
      "instances": [
        {
          "schema_version": 0,
          "attributes": {
            "content": "Updated by terraform",
            "content_base64": null,
            "content_base64sha256": "5/JRonTryhhP1SKPmSVpe+VRNioIwLztomJZOeSnGq0=",
            "content_base64sha512": "lOulc/clpfl/WEqVvTLQGPogPG/5Z453Lv8V3QS9eH0NKnTuxPOB6RZWw4WZGdgp/68Ku9EDn8OJdEU2ctvLyg==",
            "content_md5": "2edd5d53fae8971280031aeb9f703836",
            "content_sha1": "cdda97dffd9ac8c687a9d319108eaf883ae3b454",
            "content_sha256": "e7f251a274ebca184fd5228f9925697be551362a08c0bceda2625939e4a71aad",
            "content_sha512": "94eba573f725a5f97f584a95bd32d018fa203c6ff9678e772eff15dd04bd787d0d2a74eec4f381e91656c3859919d829ffaf0abbd1039fc38974453672dbcbca",
            "directory_permission": "0777",
            "file_permission": "0777",
            "filename": "dynamic_config.txt",
            "id": "cdda97dffd9ac8c687a9d319108eaf883ae3b454",
            "sensitive_content": null,
            "source": null
          },
          "sensitive_attributes": [
            [
              {
                "type": "get_attr",
                "value": "sensitive_content"
              }
            ]
          ]
        }
      ]
    }
  ],
  "check_results": null
}
