{
  "version": 4,
  "terraform_version": "1.9.2",
  "serial": 1,
  "lineage": "d5fa6316-32d7-3576-0ba3-706878fda7a7",
  "outputs": {},
  "resources": [
    {
      "mode": "managed",
      "type": "archive_file",
      "name": "example",
      "provider": "provider[\"registry.terraform.io/hashicorp/archive\"]",
      "instances": [
        {
          "schema_version": 0,
          "attributes": {
            "exclude_symlink_directories": null,
            "excludes": null,
            "id": "3a0466e9ba73705df57716e4c581d186f4d2efd6",
            "output_base64sha256": "zkK/GGERxTpaBHV0kTEQC4rl2xQEXwc59VfZbzmrYWQ=",
            "output_base64sha512": "WbrTb5yJANDRTFnXSwPkPLv5ChoOCQBXcxQqQyat57o/+8l4KwU3cJzWIJYQ0KXvOuRpvvYPViXcTfrBuN4FnQ==",
            "output_file_mode": null,
            "output_md5": "a75e971a2ad7d557da3bbc6ad54b6cf4",
            "output_path": "./example.zip",
            "output_sha": "3a0466e9ba73705df57716e4c581d186f4d2efd6",
            "output_sha256": "ce42bf186111c53a5a0475749131100b8ae5db14045f0739f557d96f39ab6164",
            "output_sha512": "59bad36f9c8900d0d14c59d74b03e43cbbf90a1a0e09005773142a4326ade7ba3ffbc9782b0537709cd6209610d0a5ef3ae469bef60f5625dc4dfac1b8de059d",
            "output_size": 588,
            "source": [],
            "source_content": null,
            "source_content_filename": null,
            "source_dir": "./files",
            "source_file": null,
            "type": "zip"
          },
          "sensitive_attributes": []
        }
      ]
    }
  ],
  "check_results": null
}
